
Microsoft Visual Studio Solution File, Format Version 12.00
# Visual Studio 15
Project("{FAE04EC0-301F-11D3-BF4B-00C04F79EFBC}") = "MsGraph.Unity", "MsGraph.Unity.csproj", "{C2384285-7FA3-91A7-0B96-07B096DB4A07}"
EndProject
Project("{FAE04EC0-301F-11D3-BF4B-00C04F79EFBC}") = "MsGraph.Unity.Editor", "MsGraph.Unity.Editor.csproj", "{D3E5C03B-31DA-8FC7-BE05-B478202AE3DB}"
EndProject
Global
	GlobalSection(SolutionConfigurationPlatforms) = preSolution
		Debug|Any CPU = Debug|Any CPU
		Release|Any CPU = Release|Any CPU
	EndGlobalSection
	GlobalSection(ProjectConfigurationPlatforms) = postSolution
		{C2384285-7FA3-91A7-0B96-07B096DB4A07}.Debug|Any CPU.ActiveCfg = Debug|Any CPU
		{C2384285-7FA3-91A7-0B96-07B096DB4A07}.Debug|Any CPU.Build.0 = Debug|Any CPU
		{C2384285-7FA3-91A7-0B96-07B096DB4A07}.Release|Any CPU.ActiveCfg = Release|Any CPU
		{C2384285-7FA3-91A7-0B96-07B096DB4A07}.Release|Any CPU.Build.0 = Release|Any CPU
		{D3E5C03B-31DA-8FC7-BE05-B478202AE3DB}.Debug|Any CPU.ActiveCfg = Debug|Any CPU
		{D3E5C03B-31DA-8FC7-BE05-B478202AE3DB}.Debug|Any CPU.Build.0 = Debug|Any CPU
		{D3E5C03B-31DA-8FC7-BE05-B478202AE3DB}.Release|Any CPU.ActiveCfg = Release|Any CPU
		{D3E5C03B-31DA-8FC7-BE05-B478202AE3DB}.Release|Any CPU.Build.0 = Release|Any CPU
	EndGlobalSection
	GlobalSection(SolutionProperties) = preSolution
		HideSolutionNode = FALSE
	EndGlobalSection
EndGlobal
